// !$*UTF8*$!
{
	archiveVersion = 1;
	classes = {
	};
	objectVersion = 56;
	objects = {

/* Begin PBXBuildFile section */
		2D5260622BF31E6E0007F11F /* FZFApp.swift in Sources */ = {isa = PBXBuildFile; fileRef = 2D5260612BF31E6E0007F11F /* FZFApp.swift */; };
		2D5260642BF31E6E0007F11F /* ContentView.swift in Sources */ = {isa = PBXBuildFile; fileRef = 2D5260632BF31E6E0007F11F /* ContentView.swift */; };
		2D5260662BF31E710007F11F /* Assets.xcassets in Resources */ = {isa = PBXBuildFile; fileRef = 2D5260652BF31E710007F11F /* Assets.xcassets */; };
		2D5260692BF31E710007F11F /* Preview Assets.xcassets in Resources */ = {isa = PBXBuildFile; fileRef = 2D5260682BF31E710007F11F /* Preview Assets.xcassets */; };
		2D5260732BF31E720007F11F /* FZFTests.swift in Sources */ = {isa = PBXBuildFile; fileRef = 2D5260722BF31E720007F11F /* FZFTests.swift */; };
		2D52607D2BF31E720007F11F /* FZFUITests.swift in Sources */ = {isa = PBXBuildFile; fileRef = 2D52607C2BF31E720007F11F /* FZFUITests.swift */; };
		2D52607F2BF31E720007F11F /* FZFUITestsLaunchTests.swift in Sources */ = {isa = PBXBuildFile; fileRef = 2D52607E2BF31E720007F11F /* FZFUITestsLaunchTests.swift */; };
		2DDA51302BF53067007A2F6C /* LocationFetching.swift in Sources */ = {isa = PBXBuildFile; fileRef = 2DDA512F2BF53067007A2F6C /* LocationFetching.swift */; };
		2DDA51322BF5307C007A2F6C /* Accelerometer.swift in Sources */ = {isa = PBXBuildFile; fileRef = 2DDA51312BF5307C007A2F6C /* Accelerometer.swift */; };
		2DDA51342BF53092007A2F6C /* NoiseLevel.swift in Sources */ = {isa = PBXBuildFile; fileRef = 2DDA51332BF53092007A2F6C /* NoiseLevel.swift */; };
		2DDA51362BF530A2007A2F6C /* UserFeedback.swift in Sources */ = {isa = PBXBuildFile; fileRef = 2DDA51352BF530A2007A2F6C /* UserFeedback.swift */; };
/* End PBXBuildFile section */

/* Begin PBXContainerItemProxy section */
		2D52606F2BF31E720007F11F /* PBXContainerItemProxy */ = {
			isa = PBXContainerItemProxy;
			containerPortal = 2D5260562BF31E6E0007F11F /* Project object */;
			proxyType = 1;
			remoteGlobalIDString = 2D52605D2BF31E6E0007F11F;
			remoteInfo = FZF;
		};
		2D5260792BF31E720007F11F /* PBXContainerItemProxy */ = {
			isa = PBXContainerItemProxy;
			containerPortal = 2D5260562BF31E6E0007F11F /* Project object */;
			proxyType = 1;
			remoteGlobalIDString = 2D52605D2BF31E6E0007F11F;
			remoteInfo = FZF;
		};
/* End PBXContainerItemProxy section */

/* Begin PBXFileReference section */
		2D34D60F2BFC6C8100682CC3 /* Info.plist */ = {isa = PBXFileReference; lastKnownFileType = text.plist; path = Info.plist; sourceTree = "<group>"; };
		2D52605E2BF31E6E0007F11F /* FZF.app */ = {isa = PBXFileReference; explicitFileType = wrapper.application; includeInIndex = 0; path = FZF.app; sourceTree = BUILT_PRODUCTS_DIR; };
		2D5260612BF31E6E0007F11F /* FZFApp.swift */ = {isa = PBXFileReference; lastKnownFileType = sourcecode.swift; path = FZFApp.swift; sourceTree = "<group>"; };
		2D5260632BF31E6E0007F11F /* ContentView.swift */ = {isa = PBXFileReference; lastKnownFileType = sourcecode.swift; path = ContentView.swift; sourceTree = "<group>"; };
		2D5260652BF31E710007F11F /* Assets.xcassets */ = {isa = PBXFileReference; lastKnownFileType = folder.assetcatalog; path = Assets.xcassets; sourceTree = "<group>"; };
		2D5260682BF31E710007F11F /* Preview Assets.xcassets */ = {isa = PBXFileReference; lastKnownFileType = folder.assetcatalog; path = "Preview Assets.xcassets"; sourceTree = "<group>"; };
		2D52606E2BF31E720007F11F /* FZFTests.xctest */ = {isa = PBXFileReference; explicitFileType = wrapper.cfbundle; includeInIndex = 0; path = FZFTests.xctest; sourceTree = BUILT_PRODUCTS_DIR; };
		2D5260722BF31E720007F11F /* FZFTests.swift */ = {isa = PBXFileReference; lastKnownFileType = sourcecode.swift; path = FZFTests.swift; sourceTree = "<group>"; };
		2D5260782BF31E720007F11F /* FZFUITests.xctest */ = {isa = PBXFileReference; explicitFileType = wrapper.cfbundle; includeInIndex = 0; path = FZFUITests.xctest; sourceTree = BUILT_PRODUCTS_DIR; };
		2D52607C2BF31E720007F11F /* FZFUITests.swift */ = {isa = PBXFileReference; lastKnownFileType = sourcecode.swift; path = FZFUITests.swift; sourceTree = "<group>"; };
		2D52607E2BF31E720007F11F /* FZFUITestsLaunchTests.swift */ = {isa = PBXFileReference; lastKnownFileType = sourcecode.swift; path = FZFUITestsLaunchTests.swift; sourceTree = "<group>"; };
		2DDA512F2BF53067007A2F6C /* LocationFetching.swift */ = {isa = PBXFileReference; lastKnownFileType = sourcecode.swift; path = LocationFetching.swift; sourceTree = "<group>"; };
		2DDA51312BF5307C007A2F6C /* Accelerometer.swift */ = {isa = PBXFileReference; lastKnownFileType = sourcecode.swift; path = Accelerometer.swift; sourceTree = "<group>"; };
		2DDA51332BF53092007A2F6C /* NoiseLevel.swift */ = {isa = PBXFileReference; lastKnownFileType = sourcecode.swift; path = NoiseLevel.swift; sourceTree = "<group>"; };
		2DDA51352BF530A2007A2F6C /* UserFeedback.swift */ = {isa = PBXFileReference; lastKnownFileType = sourcecode.swift; path = UserFeedback.swift; sourceTree = "<group>"; };
/* End PBXFileReference section */

/* Begin PBXFrameworksBuildPhase section */
		2D52605B2BF31E6E0007F11F /* Frameworks */ = {
			isa = PBXFrameworksBuildPhase;
			buildActionMask = 2147483647;
			files = (
			);
			runOnlyForDeploymentPostprocessing = 0;
		};
		2D52606B2BF31E720007F11F /* Frameworks */ = {
			isa = PBXFrameworksBuildPhase;
			buildActionMask = 2147483647;
			files = (
			);
			runOnlyForDeploymentPostprocessing = 0;
		};
		2D5260752BF31E720007F11F /* Frameworks */ = {
			isa = PBXFrameworksBuildPhase;
			buildActionMask = 2147483647;
			files = (
			);
			runOnlyForDeploymentPostprocessing = 0;
		};
/* End PBXFrameworksBuildPhase section */

/* Begin PBXGroup section */
		2D5260552BF31E6E0007F11F = {
			isa = PBXGroup;
			children = (
				2D5260602BF31E6E0007F11F /* FZF */,
				2D5260712BF31E720007F11F /* FZFTests */,
				2D52607B2BF31E720007F11F /* FZFUITests */,
				2D52605F2BF31E6E0007F11F /* Products */,
			);
			sourceTree = "<group>";
		};
		2D52605F2BF31E6E0007F11F /* Products */ = {
			isa = PBXGroup;
			children = (
				2D52605E2BF31E6E0007F11F /* FZF.app */,
				2D52606E2BF31E720007F11F /* FZFTests.xctest */,
				2D5260782BF31E720007F11F /* FZFUITests.xctest */,
			);
			name = Products;
			sourceTree = "<group>";
		};
		2D5260602BF31E6E0007F11F /* FZF */ = {
			isa = PBXGroup;
			children = (
				2D34D60F2BFC6C8100682CC3 /* Info.plist */,
				2D5260612BF31E6E0007F11F /* FZFApp.swift */,
				2D5260632BF31E6E0007F11F /* ContentView.swift */,
				2D5260652BF31E710007F11F /* Assets.xcassets */,
				2DDA512E2BF53049007A2F6C /* APIs */,
				2D5260672BF31E710007F11F /* Preview Content */,
			);
			path = FZF;
			sourceTree = "<group>";
		};
		2D5260672BF31E710007F11F /* Preview Content */ = {
			isa = PBXGroup;
			children = (
				2D5260682BF31E710007F11F /* Preview Assets.xcassets */,
			);
			path = "Preview Content";
			sourceTree = "<group>";
		};
		2D5260712BF31E720007F11F /* FZFTests */ = {
			isa = PBXGroup;
			children = (
				2D5260722BF31E720007F11F /* FZFTests.swift */,
			);
			path = FZFTests;
			sourceTree = "<group>";
		};
		2D52607B2BF31E720007F11F /* FZFUITests */ = {
			isa = PBXGroup;
			children = (
				2D52607C2BF31E720007F11F /* FZFUITests.swift */,
				2D52607E2BF31E720007F11F /* FZFUITestsLaunchTests.swift */,
			);
			path = FZFUITests;
			sourceTree = "<group>";
		};
		2DDA512E2BF53049007A2F6C /* APIs */ = {
			isa = PBXGroup;
			children = (
				2DDA512F2BF53067007A2F6C /* LocationFetching.swift */,
				2DDA51312BF5307C007A2F6C /* Accelerometer.swift */,
				2DDA51332BF53092007A2F6C /* NoiseLevel.swift */,
				2DDA51352BF530A2007A2F6C /* UserFeedback.swift */,
			);
			path = APIs;
			sourceTree = "<group>";
		};
/* End PBXGroup section */

/* Begin PBXNativeTarget section */
		2D52605D2BF31E6E0007F11F /* FZF */ = {
			isa = PBXNativeTarget;
			buildConfigurationList = 2D5260822BF31E720007F11F /* Build configuration list for PBXNativeTarget "FZF" */;
			buildPhases = (
				2D52605A2BF31E6E0007F11F /* Sources */,
				2D52605B2BF31E6E0007F11F /* Frameworks */,
				2D52605C2BF31E6E0007F11F /* Resources */,
			);
			buildRules = (
			);
			dependencies = (
			);
			name = FZF;
			productName = FZF;
			productReference = 2D52605E2BF31E6E0007F11F /* FZF.app */;
			productType = "com.apple.product-type.application";
		};
		2D52606D2BF31E720007F11F /* FZFTests */ = {
			isa = PBXNativeTarget;
			buildConfigurationList = 2D5260852BF31E720007F11F /* Build configuration list for PBXNativeTarget "FZFTests" */;
			buildPhases = (
				2D52606A2BF31E720007F11F /* Sources */,
				2D52606B2BF31E720007F11F /* Frameworks */,
				2D52606C2BF31E720007F11F /* Resources */,
			);
			buildRules = (
			);
			dependencies = (
				2D5260702BF31E720007F11F /* PBXTargetDependency */,
			);
			name = FZFTests;
			productName = FZFTests;
			productReference = 2D52606E2BF31E720007F11F /* FZFTests.xctest */;
			productType = "com.apple.product-type.bundle.unit-test";
		};
		2D5260772BF31E720007F11F /* FZFUITests */ = {
			isa = PBXNativeTarget;
			buildConfigurationList = 2D5260882BF31E720007F11F /* Build configuration list for PBXNativeTarget "FZFUITests" */;
			buildPhases = (
				2D5260742BF31E720007F11F /* Sources */,
				2D5260752BF31E720007F11F /* Frameworks */,
				2D5260762BF31E720007F11F /* Resources */,
			);
			buildRules = (
			);
			dependencies = (
				2D52607A2BF31E720007F11F /* PBXTargetDependency */,
			);
			name = FZFUITests;
			productName = FZFUITests;
			productReference = 2D5260782BF31E720007F11F /* FZFUITests.xctest */;
			productType = "com.apple.product-type.bundle.ui-testing";
		};
/* End PBXNativeTarget section */

/* Begin PBXProject section */
		2D5260562BF31E6E0007F11F /* Project object */ = {
			isa = PBXProject;
			attributes = {
				BuildIndependentTargetsInParallel = 1;
				LastSwiftUpdateCheck = 1540;
				LastUpgradeCheck = 1540;
				TargetAttributes = {
					2D52605D2BF31E6E0007F11F = {
						CreatedOnToolsVersion = 15.4;
					};
					2D52606D2BF31E720007F11F = {
						CreatedOnToolsVersion = 15.4;
						TestTargetID = 2D52605D2BF31E6E0007F11F;
					};
					2D5260772BF31E720007F11F = {
						CreatedOnToolsVersion = 15.4;
						TestTargetID = 2D52605D2BF31E6E0007F11F;
					};
				};
			};
			buildConfigurationList = 2D5260592BF31E6E0007F11F /* Build configuration list for PBXProject "FZF" */;
			compatibilityVersion = "Xcode 14.0";
			developmentRegion = en;
			hasScannedForEncodings = 0;
			knownRegions = (
				en,
				Base,
			);
			mainGroup = 2D5260552BF31E6E0007F11F;
			productRefGroup = 2D52605F2BF31E6E0007F11F /* Products */;
			projectDirPath = "";
			projectRoot = "";
			targets = (
				2D52605D2BF31E6E0007F11F /* FZF */,
				2D52606D2BF31E720007F11F /* FZFTests */,
				2D5260772BF31E720007F11F /* FZFUITests */,
			);
		};
/* End PBXProject section */

/* Begin PBXResourcesBuildPhase section */
		2D52605C2BF31E6E0007F11F /* Resources */ = {
			isa = PBXResourcesBuildPhase;
			buildActionMask = 2147483647;
			files = (
				2D5260692BF31E710007F11F /* Preview Assets.xcassets in Resources */,
				2D5260662BF31E710007F11F /* Assets.xcassets in Resources */,
			);
			runOnlyForDeploymentPostprocessing = 0;
		};
		2D52606C2BF31E720007F11F /* Resources */ = {
			isa = PBXResourcesBuildPhase;
			buildActionMask = 2147483647;
			files = (
			);
			runOnlyForDeploymentPostprocessing = 0;
		};
		2D5260762BF31E720007F11F /* Resources */ = {
			isa = PBXResourcesBuildPhase;
			buildActionMask = 2147483647;
			files = (
			);
			runOnlyForDeploymentPostprocessing = 0;
		};
/* End PBXResourcesBuildPhase section */

/* Begin PBXSourcesBuildPhase section */
		2D52605A2BF31E6E0007F11F /* Sources */ = {
			isa = PBXSourcesBuildPhase;
			buildActionMask = 2147483647;
			files = (
				2DDA51302BF53067007A2F6C /* LocationFetching.swift in Sources */,
				2DDA51322BF5307C007A2F6C /* Accelerometer.swift in Sources */,
				2D5260642BF31E6E0007F11F /* ContentView.swift in Sources */,
				2DDA51342BF53092007A2F6C /* NoiseLevel.swift in Sources */,
				2D5260622BF31E6E0007F11F /* FZFApp.swift in Sources */,
				2DDA51362BF530A2007A2F6C /* UserFeedback.swift in Sources */,
			);
			runOnlyForDeploymentPostprocessing = 0;
		};
		2D52606A2BF31E720007F11F /* Sources */ = {
			isa = PBXSourcesBuildPhase;
			buildActionMask = 2147483647;
			files = (
				2D5260732BF31E720007F11F /* FZFTests.swift in Sources */,
			);
			runOnlyForDeploymentPostprocessing = 0;
		};
		2D5260742BF31E720007F11F /* Sources */ = {
			isa = PBXSourcesBuildPhase;
			buildActionMask = 2147483647;
			files = (
				2D52607D2BF31E720007F11F /* FZFUITests.swift in Sources */,
				2D52607F2BF31E720007F11F /* FZFUITestsLaunchTests.swift in Sources */,
			);
			runOnlyForDeploymentPostprocessing = 0;
		};
/* End PBXSourcesBuildPhase section */

/* Begin PBXTargetDependency section */
		2D5260702BF31E720007F11F /* PBXTargetDependency */ = {
			isa = PBXTargetDependency;
			target = 2D52605D2BF31E6E0007F11F /* FZF */;
			targetProxy = 2D52606F2BF31E720007F11F /* PBXContainerItemProxy */;
		};
		2D52607A2BF31E720007F11F /* PBXTargetDependency */ = {
			isa = PBXTargetDependency;
			target = 2D52605D2BF31E6E0007F11F /* FZF */;
			targetProxy = 2D5260792BF31E720007F11F /* PBXContainerItemProxy */;
		};
/* End PBXTargetDependency section */

/* Begin XCBuildConfiguration section */
		2D5260802BF31E720007F11F /* Debug */ = {
			isa = XCBuildConfiguration;
			buildSettings = {
				ALWAYS_SEARCH_USER_PATHS = NO;
				ASSETCATALOG_COMPILER_GENERATE_SWIFT_ASSET_SYMBOL_EXTENSIONS = YES;
				CLANG_ANALYZER_NONNULL = YES;
				CLANG_ANALYZER_NUMBER_OBJECT_CONVERSION = YES_AGGRESSIVE;
				CLANG_CXX_LANGUAGE_STANDARD = "gnu++20";
				CLANG_ENABLE_MODULES = YES;
				CLANG_ENABLE_OBJC_ARC = YES;
				CLANG_ENABLE_OBJC_WEAK = YES;
				CLANG_WARN_BLOCK_CAPTURE_AUTORELEASING = YES;
				CLANG_WARN_BOOL_CONVERSION = YES;
				CLANG_WARN_COMMA = YES;
				CLANG_WARN_CONSTANT_CONVERSION = YES;
				CLANG_WARN_DEPRECATED_OBJC_IMPLEMENTATIONS = YES;
				CLANG_WARN_DIRECT_OBJC_ISA_USAGE = YES_ERROR;
				CLANG_WARN_DOCUMENTATION_COMMENTS = YES;
				CLANG_WARN_EMPTY_BODY = YES;
				CLANG_WARN_ENUM_CONVERSION = YES;
				CLANG_WARN_INFINITE_RECURSION = YES;
				CLANG_WARN_INT_CONVERSION = YES;
				CLANG_WARN_NON_LITERAL_NULL_CONVERSION = YES;
				CLANG_WARN_OBJC_IMPLICIT_RETAIN_SELF = YES;
				CLANG_WARN_OBJC_LITERAL_CONVERSION = YES;
				CLANG_WARN_OBJC_ROOT_CLASS = YES_ERROR;
				CLANG_WARN_QUOTED_INCLUDE_IN_FRAMEWORK_HEADER = YES;
				CLANG_WARN_RANGE_LOOP_ANALYSIS = YES;
				CLANG_WARN_STRICT_PROTOTYPES = YES;
				CLANG_WARN_SUSPICIOUS_MOVE = YES;
				CLANG_WARN_UNGUARDED_AVAILABILITY = YES_AGGRESSIVE;
				CLANG_WARN_UNREACHABLE_CODE = YES;
				CLANG_WARN__DUPLICATE_METHOD_MATCH = YES;
				COPY_PHASE_STRIP = NO;
				DEBUG_INFORMATION_FORMAT = dwarf;
				ENABLE_STRICT_OBJC_MSGSEND = YES;
				ENABLE_TESTABILITY = YES;
				ENABLE_USER_SCRIPT_SANDBOXING = YES;
				GCC_C_LANGUAGE_STANDARD = gnu17;
				GCC_DYNAMIC_NO_PIC = NO;
				GCC_NO_COMMON_BLOCKS = YES;
				GCC_OPTIMIZATION_LEVEL = 0;
				GCC_PREPROCESSOR_DEFINITIONS = (
					"DEBUG=1",
					"$(inherited)",
				);
				GCC_WARN_64_TO_32_BIT_CONVERSION = YES;
				GCC_WARN_ABOUT_RETURN_TYPE = YES_ERROR;
				GCC_WARN_UNDECLARED_SELECTOR = YES;
				GCC_WARN_UNINITIALIZED_AUTOS = YES_AGGRESSIVE;
				GCC_WARN_UNUSED_FUNCTION = YES;
				GCC_WARN_UNUSED_VARIABLE = YES;
				IPHONEOS_DEPLOYMENT_TARGET = 17.5;
				LOCALIZATION_PREFERS_STRING_CATALOGS = YES;
				MTL_ENABLE_DEBUG_INFO = INCLUDE_SOURCE;
				MTL_FAST_MATH = YES;
				ONLY_ACTIVE_ARCH = YES;
				SDKROOT = iphoneos;
				SWIFT_ACTIVE_COMPILATION_CONDITIONS = "DEBUG $(inherited)";
				SWIFT_OPTIMIZATION_LEVEL = "-Onone";
			};
			name = Debug;
		};
		2D5260812BF31E720007F11F /* Release */ = {
			isa = XCBuildConfiguration;
			buildSettings = {
				ALWAYS_SEARCH_USER_PATHS = NO;
				ASSETCATALOG_COMPILER_GENERATE_SWIFT_ASSET_SYMBOL_EXTENSIONS = YES;
				CLANG_ANALYZER_NONNULL = YES;
				CLANG_ANALYZER_NUMBER_OBJECT_CONVERSION = YES_AGGRESSIVE;
				CLANG_CXX_LANGUAGE_STANDARD = "gnu++20";
				CLANG_ENABLE_MODULES = YES;
				CLANG_ENABLE_OBJC_ARC = YES;
				CLANG_ENABLE_OBJC_WEAK = YES;
				CLANG_WARN_BLOCK_CAPTURE_AUTORELEASING = YES;
				CLANG_WARN_BOOL_CONVERSION = YES;
				CLANG_WARN_COMMA = YES;
				CLANG_WARN_CONSTANT_CONVERSION = YES;
				CLANG_WARN_DEPRECATED_OBJC_IMPLEMENTATIONS = YES;
				CLANG_WARN_DIRECT_OBJC_ISA_USAGE = YES_ERROR;
				CLANG_WARN_DOCUMENTATION_COMMENTS = YES;
				CLANG_WARN_EMPTY_BODY = YES;
				CLANG_WARN_ENUM_CONVERSION = YES;
				CLANG_WARN_INFINITE_RECURSION = YES;
				CLANG_WARN_INT_CONVERSION = YES;
				CLANG_WARN_NON_LITERAL_NULL_CONVERSION = YES;
				CLANG_WARN_OBJC_IMPLICIT_RETAIN_SELF = YES;
				CLANG_WARN_OBJC_LITERAL_CONVERSION = YES;
				CLANG_WARN_OBJC_ROOT_CLASS = YES_ERROR;
				CLANG_WARN_QUOTED_INCLUDE_IN_FRAMEWORK_HEADER = YES;
				CLANG_WARN_RANGE_LOOP_ANALYSIS = YES;
				CLANG_WARN_STRICT_PROTOTYPES = YES;
				CLANG_WARN_SUSPICIOUS_MOVE = YES;
				CLANG_WARN_UNGUARDED_AVAILABILITY = YES_AGGRESSIVE;
				CLANG_WARN_UNREACHABLE_CODE = YES;
				CLANG_WARN__DUPLICATE_METHOD_MATCH = YES;
				COPY_PHASE_STRIP = NO;
				DEBUG_INFORMATION_FORMAT = "dwarf-with-dsym";
				ENABLE_NS_ASSERTIONS = NO;
				ENABLE_STRICT_OBJC_MSGSEND = YES;
				ENABLE_USER_SCRIPT_SANDBOXING = YES;
				GCC_C_LANGUAGE_STANDARD = gnu17;
				GCC_NO_COMMON_BLOCKS = YES;
				GCC_WARN_64_TO_32_BIT_CONVERSION = YES;
				GCC_WARN_ABOUT_RETURN_TYPE = YES_ERROR;
				GCC_WARN_UNDECLARED_SELECTOR = YES;
				GCC_WARN_UNINITIALIZED_AUTOS = YES_AGGRESSIVE;
				GCC_WARN_UNUSED_FUNCTION = YES;
				GCC_WARN_UNUSED_VARIABLE = YES;
				IPHONEOS_DEPLOYMENT_TARGET = 17.5;
				LOCALIZATION_PREFERS_STRING_CATALOGS = YES;
				MTL_ENABLE_DEBUG_INFO = NO;
				MTL_FAST_MATH = YES;
				SDKROOT = iphoneos;
				SWIFT_COMPILATION_MODE = wholemodule;
				VALIDATE_PRODUCT = YES;
			};
			name = Release;
		};
		2D5260832BF31E720007F11F /* Debug */ = {
			isa = XCBuildConfiguration;
			buildSettings = {
				ASSETCATALOG_COMPILER_APPICON_NAME = AppIcon;
				ASSETCATALOG_COMPILER_GLOBAL_ACCENT_COLOR_NAME = AccentColor;
				CODE_SIGN_STYLE = Automatic;
				CURRENT_PROJECT_VERSION = 1;
				DEVELOPMENT_ASSET_PATHS = "\"FZF/Preview Content\"";
<<<<<<< HEAD
				DEVELOPMENT_TEAM = KZ6NMDR7RB;
=======
				DEVELOPMENT_TEAM = BHHPAH5M24;
>>>>>>> c4fbeabe805ad3082ab67233c75c3af05b48fa4e
				ENABLE_PREVIEWS = YES;
				GENERATE_INFOPLIST_FILE = YES;
				INFOPLIST_FILE = FZF/Info.plist;
				INFOPLIST_KEY_UIApplicationSceneManifest_Generation = YES;
				INFOPLIST_KEY_UIApplicationSupportsIndirectInputEvents = YES;
				INFOPLIST_KEY_UILaunchScreen_Generation = YES;
				INFOPLIST_KEY_UISupportedInterfaceOrientations_iPad = "UIInterfaceOrientationPortrait UIInterfaceOrientationPortraitUpsideDown UIInterfaceOrientationLandscapeLeft UIInterfaceOrientationLandscapeRight";
				INFOPLIST_KEY_UISupportedInterfaceOrientations_iPhone = "UIInterfaceOrientationPortrait UIInterfaceOrientationLandscapeLeft UIInterfaceOrientationLandscapeRight";
				IPHONEOS_DEPLOYMENT_TARGET = 17.4;
				LD_RUNPATH_SEARCH_PATHS = (
					"$(inherited)",
					"@executable_path/Frameworks",
				);
				MARKETING_VERSION = 1.0;
				PRODUCT_BUNDLE_IDENTIFIER = "suibian-test";
				PRODUCT_NAME = "$(TARGET_NAME)";
				SWIFT_EMIT_LOC_STRINGS = YES;
				SWIFT_VERSION = 5.0;
				TARGETED_DEVICE_FAMILY = "1,2";
			};
			name = Debug;
		};
		2D5260842BF31E720007F11F /* Release */ = {
			isa = XCBuildConfiguration;
			buildSettings = {
				ASSETCATALOG_COMPILER_APPICON_NAME = AppIcon;
				ASSETCATALOG_COMPILER_GLOBAL_ACCENT_COLOR_NAME = AccentColor;
				CODE_SIGN_STYLE = Automatic;
				CURRENT_PROJECT_VERSION = 1;
				DEVELOPMENT_ASSET_PATHS = "\"FZF/Preview Content\"";
<<<<<<< HEAD
				DEVELOPMENT_TEAM = KZ6NMDR7RB;
=======
				DEVELOPMENT_TEAM = BHHPAH5M24;
>>>>>>> c4fbeabe805ad3082ab67233c75c3af05b48fa4e
				ENABLE_PREVIEWS = YES;
				GENERATE_INFOPLIST_FILE = YES;
				INFOPLIST_FILE = FZF/Info.plist;
				INFOPLIST_KEY_UIApplicationSceneManifest_Generation = YES;
				INFOPLIST_KEY_UIApplicationSupportsIndirectInputEvents = YES;
				INFOPLIST_KEY_UILaunchScreen_Generation = YES;
				INFOPLIST_KEY_UISupportedInterfaceOrientations_iPad = "UIInterfaceOrientationPortrait UIInterfaceOrientationPortraitUpsideDown UIInterfaceOrientationLandscapeLeft UIInterfaceOrientationLandscapeRight";
				INFOPLIST_KEY_UISupportedInterfaceOrientations_iPhone = "UIInterfaceOrientationPortrait UIInterfaceOrientationLandscapeLeft UIInterfaceOrientationLandscapeRight";
				IPHONEOS_DEPLOYMENT_TARGET = 17.4;
				LD_RUNPATH_SEARCH_PATHS = (
					"$(inherited)",
					"@executable_path/Frameworks",
				);
				MARKETING_VERSION = 1.0;
				PRODUCT_BUNDLE_IDENTIFIER = "suibian-test";
				PRODUCT_NAME = "$(TARGET_NAME)";
				SWIFT_EMIT_LOC_STRINGS = YES;
				SWIFT_VERSION = 5.0;
				TARGETED_DEVICE_FAMILY = "1,2";
			};
			name = Release;
		};
		2D5260862BF31E720007F11F /* Debug */ = {
			isa = XCBuildConfiguration;
			buildSettings = {
				ALWAYS_EMBED_SWIFT_STANDARD_LIBRARIES = YES;
				BUNDLE_LOADER = "$(TEST_HOST)";
				CODE_SIGN_STYLE = Automatic;
				CURRENT_PROJECT_VERSION = 1;
				DEVELOPMENT_TEAM = KZ6NMDR7RB;
				GENERATE_INFOPLIST_FILE = YES;
				IPHONEOS_DEPLOYMENT_TARGET = 17.5;
				MARKETING_VERSION = 1.0;
				PRODUCT_BUNDLE_IDENTIFIER = suibian.FZFTests;
				PRODUCT_NAME = "$(TARGET_NAME)";
				SWIFT_EMIT_LOC_STRINGS = NO;
				SWIFT_VERSION = 5.0;
				TARGETED_DEVICE_FAMILY = "1,2";
				TEST_HOST = "$(BUILT_PRODUCTS_DIR)/FZF.app/$(BUNDLE_EXECUTABLE_FOLDER_PATH)/FZF";
			};
			name = Debug;
		};
		2D5260872BF31E720007F11F /* Release */ = {
			isa = XCBuildConfiguration;
			buildSettings = {
				ALWAYS_EMBED_SWIFT_STANDARD_LIBRARIES = YES;
				BUNDLE_LOADER = "$(TEST_HOST)";
				CODE_SIGN_STYLE = Automatic;
				CURRENT_PROJECT_VERSION = 1;
				DEVELOPMENT_TEAM = KZ6NMDR7RB;
				GENERATE_INFOPLIST_FILE = YES;
				IPHONEOS_DEPLOYMENT_TARGET = 17.5;
				MARKETING_VERSION = 1.0;
				PRODUCT_BUNDLE_IDENTIFIER = suibian.FZFTests;
				PRODUCT_NAME = "$(TARGET_NAME)";
				SWIFT_EMIT_LOC_STRINGS = NO;
				SWIFT_VERSION = 5.0;
				TARGETED_DEVICE_FAMILY = "1,2";
				TEST_HOST = "$(BUILT_PRODUCTS_DIR)/FZF.app/$(BUNDLE_EXECUTABLE_FOLDER_PATH)/FZF";
			};
			name = Release;
		};
		2D5260892BF31E720007F11F /* Debug */ = {
			isa = XCBuildConfiguration;
			buildSettings = {
				ALWAYS_EMBED_SWIFT_STANDARD_LIBRARIES = YES;
				CODE_SIGN_STYLE = Automatic;
				CURRENT_PROJECT_VERSION = 1;
				DEVELOPMENT_TEAM = KZ6NMDR7RB;
				GENERATE_INFOPLIST_FILE = YES;
				MARKETING_VERSION = 1.0;
				PRODUCT_BUNDLE_IDENTIFIER = suibian.FZFUITests;
				PRODUCT_NAME = "$(TARGET_NAME)";
				SWIFT_EMIT_LOC_STRINGS = NO;
				SWIFT_VERSION = 5.0;
				TARGETED_DEVICE_FAMILY = "1,2";
				TEST_TARGET_NAME = FZF;
			};
			name = Debug;
		};
		2D52608A2BF31E720007F11F /* Release */ = {
			isa = XCBuildConfiguration;
			buildSettings = {
				ALWAYS_EMBED_SWIFT_STANDARD_LIBRARIES = YES;
				CODE_SIGN_STYLE = Automatic;
				CURRENT_PROJECT_VERSION = 1;
				DEVELOPMENT_TEAM = KZ6NMDR7RB;
				GENERATE_INFOPLIST_FILE = YES;
				MARKETING_VERSION = 1.0;
				PRODUCT_BUNDLE_IDENTIFIER = suibian.FZFUITests;
				PRODUCT_NAME = "$(TARGET_NAME)";
				SWIFT_EMIT_LOC_STRINGS = NO;
				SWIFT_VERSION = 5.0;
				TARGETED_DEVICE_FAMILY = "1,2";
				TEST_TARGET_NAME = FZF;
			};
			name = Release;
		};
/* End XCBuildConfiguration section */

/* Begin XCConfigurationList section */
		2D5260592BF31E6E0007F11F /* Build configuration list for PBXProject "FZF" */ = {
			isa = XCConfigurationList;
			buildConfigurations = (
				2D5260802BF31E720007F11F /* Debug */,
				2D5260812BF31E720007F11F /* Release */,
			);
			defaultConfigurationIsVisible = 0;
			defaultConfigurationName = Release;
		};
		2D5260822BF31E720007F11F /* Build configuration list for PBXNativeTarget "FZF" */ = {
			isa = XCConfigurationList;
			buildConfigurations = (
				2D5260832BF31E720007F11F /* Debug */,
				2D5260842BF31E720007F11F /* Release */,
			);
			defaultConfigurationIsVisible = 0;
			defaultConfigurationName = Release;
		};
		2D5260852BF31E720007F11F /* Build configuration list for PBXNativeTarget "FZFTests" */ = {
			isa = XCConfigurationList;
			buildConfigurations = (
				2D5260862BF31E720007F11F /* Debug */,
				2D5260872BF31E720007F11F /* Release */,
			);
			defaultConfigurationIsVisible = 0;
			defaultConfigurationName = Release;
		};
		2D5260882BF31E720007F11F /* Build configuration list for PBXNativeTarget "FZFUITests" */ = {
			isa = XCConfigurationList;
			buildConfigurations = (
				2D5260892BF31E720007F11F /* Debug */,
				2D52608A2BF31E720007F11F /* Release */,
			);
			defaultConfigurationIsVisible = 0;
			defaultConfigurationName = Release;
		};
/* End XCConfigurationList section */
	};
	rootObject = 2D5260562BF31E6E0007F11F /* Project object */;
}
